// !$*UTF8*$!
{
	archiveVersion = 1;
	classes = {
	};
	objectVersion = 46;
	objects = {

/* Begin PBXBuildFile section */
		DF64AF201E369C3600C36EF7 /* AppDelegate.swift in Sources */ = {isa = PBXBuildFile; fileRef = DF64AF1F1E369C3600C36EF7 /* AppDelegate.swift */; };
		DF64AF221E369C3600C36EF7 /* ViewController.swift in Sources */ = {isa = PBXBuildFile; fileRef = DF64AF211E369C3600C36EF7 /* ViewController.swift */; };
		DF64AF251E369C3600C36EF7 /* Main.storyboard in Resources */ = {isa = PBXBuildFile; fileRef = DF64AF231E369C3600C36EF7 /* Main.storyboard */; };
		DF64AF271E369C3600C36EF7 /* Assets.xcassets in Resources */ = {isa = PBXBuildFile; fileRef = DF64AF261E369C3600C36EF7 /* Assets.xcassets */; };
		DF64AF2A1E369C3600C36EF7 /* LaunchScreen.storyboard in Resources */ = {isa = PBXBuildFile; fileRef = DF64AF281E369C3600C36EF7 /* LaunchScreen.storyboard */; };
/* End PBXBuildFile section */

/* Begin PBXFileReference section */
		DF64AF1C1E369C3600C36EF7 /* I Am Poor.app */ = {isa = PBXFileReference; explicitFileType = wrapper.application; includeInIndex = 0; path = "I Am Poor.app"; sourceTree = BUILT_PRODUCTS_DIR; };
		DF64AF1F1E369C3600C36EF7 /* AppDelegate.swift */ = {isa = PBXFileReference; lastKnownFileType = sourcecode.swift; path = AppDelegate.swift; sourceTree = "<group>"; };
		DF64AF211E369C3600C36EF7 /* ViewController.swift */ = {isa = PBXFileReference; lastKnownFileType = sourcecode.swift; path = ViewController.swift; sourceTree = "<group>"; };
		DF64AF241E369C3600C36EF7 /* Base */ = {isa = PBXFileReference; lastKnownFileType = file.storyboard; name = Base; path = Base.lproj/Main.storyboard; sourceTree = "<group>"; };
		DF64AF261E369C3600C36EF7 /* Assets.xcassets */ = {isa = PBXFileReference; lastKnownFileType = folder.assetcatalog; path = Assets.xcassets; sourceTree = "<group>"; };
		DF64AF291E369C3600C36EF7 /* Base */ = {isa = PBXFileReference; lastKnownFileType = file.storyboard; name = Base; path = Base.lproj/LaunchScreen.storyboard; sourceTree = "<group>"; };
		DF64AF2B1E369C3600C36EF7 /* Info.plist */ = {isa = PBXFileReference; lastKnownFileType = text.plist.xml; path = Info.plist; sourceTree = "<group>"; };
/* End PBXFileReference section */

/* Begin PBXFrameworksBuildPhase section */
		DF64AF191E369C3600C36EF7 /* Frameworks */ = {
			isa = PBXFrameworksBuildPhase;
			buildActionMask = 2147483647;
			files = (
			);
			runOnlyForDeploymentPostprocessing = 0;
		};
/* End PBXFrameworksBuildPhase section */

/* Begin PBXGroup section */
		DF64AF131E369C3600C36EF7 = {
			isa = PBXGroup;
			children = (
				DF64AF1E1E369C3600C36EF7 /* I Am Poor */,
				DF64AF1D1E369C3600C36EF7 /* Products */,
			);
			sourceTree = "<group>";
		};
		DF64AF1D1E369C3600C36EF7 /* Products */ = {
			isa = PBXGroup;
			children = (
				DF64AF1C1E369C3600C36EF7 /* I Am Poor.app */,
			);
			name = Products;
			sourceTree = "<group>";
		};
		DF64AF1E1E369C3600C36EF7 /* I Am Poor */ = {
			isa = PBXGroup;
			children = (
				DF64AF1F1E369C3600C36EF7 /* AppDelegate.swift */,
				DF64AF211E369C3600C36EF7 /* ViewController.swift */,
				DF64AF231E369C3600C36EF7 /* Main.storyboard */,
				DF64AF261E369C3600C36EF7 /* Assets.xcassets */,
				DF64AF281E369C3600C36EF7 /* LaunchScreen.storyboard */,
				DF64AF2B1E369C3600C36EF7 /* Info.plist */,
			);
			path = "I Am Poor";
			sourceTree = "<group>";
		};
/* End PBXGroup section */

/* Begin PBXNativeTarget section */
		DF64AF1B1E369C3600C36EF7 /* I Am Poor */ = {
			isa = PBXNativeTarget;
			buildConfigurationList = DF64AF2E1E369C3600C36EF7 /* Build configuration list for PBXNativeTarget "I Am Poor" */;
			buildPhases = (
				DF64AF181E369C3600C36EF7 /* Sources */,
				DF64AF191E369C3600C36EF7 /* Frameworks */,
				DF64AF1A1E369C3600C36EF7 /* Resources */,
			);
			buildRules = (
			);
			dependencies = (
			);
			name = "I Am Poor";
			productName = "I Am Poor";
			productReference = DF64AF1C1E369C3600C36EF7 /* I Am Poor.app */;
			productType = "com.apple.product-type.application";
		};
/* End PBXNativeTarget section */

/* Begin PBXProject section */
		DF64AF141E369C3600C36EF7 /* Project object */ = {
			isa = PBXProject;
			attributes = {
				LastSwiftUpdateCheck = 0820;
				LastUpgradeCheck = 0820;
				ORGANIZATIONNAME = "XI Applications";
				TargetAttributes = {
					DF64AF1B1E369C3600C36EF7 = {
						CreatedOnToolsVersion = 8.2.1;
						DevelopmentTeam = 6M796983Q9;
						ProvisioningStyle = Automatic;
					};
				};
			};
			buildConfigurationList = DF64AF171E369C3600C36EF7 /* Build configuration list for PBXProject "I Am Poor" */;
			compatibilityVersion = "Xcode 3.2";
			developmentRegion = English;
			hasScannedForEncodings = 0;
			knownRegions = (
				en,
				Base,
			);
			mainGroup = DF64AF131E369C3600C36EF7;
			productRefGroup = DF64AF1D1E369C3600C36EF7 /* Products */;
			projectDirPath = "";
			projectRoot = "";
			targets = (
				DF64AF1B1E369C3600C36EF7 /* I Am Poor */,
			);
		};
/* End PBXProject section */

/* Begin PBXResourcesBuildPhase section */
		DF64AF1A1E369C3600C36EF7 /* Resources */ = {
			isa = PBXResourcesBuildPhase;
			buildActionMask = 2147483647;
			files = (
				DF64AF2A1E369C3600C36EF7 /* LaunchScreen.storyboard in Resources */,
				DF64AF271E369C3600C36EF7 /* Assets.xcassets in Resources */,
				DF64AF251E369C3600C36EF7 /* Main.storyboard in Resources */,
			);
			runOnlyForDeploymentPostprocessing = 0;
		};
/* End PBXResourcesBuildPhase section */

/* Begin PBXSourcesBuildPhase section */
		DF64AF181E369C3600C36EF7 /* Sources */ = {
			isa = PBXSourcesBuildPhase;
			buildActionMask = 2147483647;
			files = (
				DF64AF221E369C3600C36EF7 /* ViewController.swift in Sources */,
				DF64AF201E369C3600C36EF7 /* AppDelegate.swift in Sources */,
			);
			runOnlyForDeploymentPostprocessing = 0;
		};
/* End PBXSourcesBuildPhase section */

/* Begin PBXVariantGroup section */
		DF64AF231E369C3600C36EF7 /* Main.storyboard */ = {
			isa = PBXVariantGroup;
			children = (
				DF64AF241E369C3600C36EF7 /* Base */,
			);
			name = Main.storyboard;
			sourceTree = "<group>";
		};
		DF64AF281E369C3600C36EF7 /* LaunchScreen.storyboard */ = {
			isa = PBXVariantGroup;
			children = (
				DF64AF291E369C3600C36EF7 /* Base */,
			);
			name = LaunchScreen.storyboard;
			sourceTree = "<group>";
		};
/* End PBXVariantGroup section */

/* Begin XCBuildConfiguration section */
		DF64AF2C1E369C3600C36EF7 /* Debug */ = {
			isa = XCBuildConfiguration;
			buildSettings = {
				ALWAYS_SEARCH_USER_PATHS = NO;
				CLANG_ANALYZER_NONNULL = YES;
				CLANG_CXX_LANGUAGE_STANDARD = "gnu++0x";
				CLANG_CXX_LIBRARY = "libc++";
				CLANG_ENABLE_MODULES = YES;
				CLANG_ENABLE_OBJC_ARC = YES;
				CLANG_WARN_BOOL_CONVERSION = YES;
				CLANG_WARN_CONSTANT_CONVERSION = YES;
				CLANG_WARN_DIRECT_OBJC_ISA_USAGE = YES_ERROR;
				CLANG_WARN_DOCUMENTATION_COMMENTS = YES;
				CLANG_WARN_EMPTY_BODY = YES;
				CLANG_WARN_ENUM_CONVERSION = YES;
				CLANG_WARN_INFINITE_RECURSION = YES;
				CLANG_WARN_INT_CONVERSION = YES;
				CLANG_WARN_OBJC_ROOT_CLASS = YES_ERROR;
				CLANG_WARN_SUSPICIOUS_MOVE = YES;
				CLANG_WARN_UNREACHABLE_CODE = YES;
				CLANG_WARN__DUPLICATE_METHOD_MATCH = YES;
				"CODE_SIGN_IDENTITY[sdk=iphoneos*]" = "iPhone Developer";
				COPY_PHASE_STRIP = NO;
				DEBUG_INFORMATION_FORMAT = dwarf;
				ENABLE_STRICT_OBJC_MSGSEND = YES;
				ENABLE_TESTABILITY = YES;
				GCC_C_LANGUAGE_STANDARD = gnu99;
				GCC_DYNAMIC_NO_PIC = NO;
				GCC_NO_COMMON_BLOCKS = YES;
				GCC_OPTIMIZATION_LEVEL = 0;
				GCC_PREPROCESSOR_DEFINITIONS = (
					"DEBUG=1",
					"$(inherited)",
				);
				GCC_WARN_64_TO_32_BIT_CONVERSION = YES;
				GCC_WARN_ABOUT_RETURN_TYPE = YES_ERROR;
				GCC_WARN_UNDECLARED_SELECTOR = YES;
				GCC_WARN_UNINITIALIZED_AUTOS = YES_AGGRESSIVE;
				GCC_WARN_UNUSED_FUNCTION = YES;
				GCC_WARN_UNUSED_VARIABLE = YES;
				IPHONEOS_DEPLOYMENT_TARGET = 10.2;
				MTL_ENABLE_DEBUG_INFO = YES;
				ONLY_ACTIVE_ARCH = YES;
				SDKROOT = iphoneos;
				SWIFT_ACTIVE_COMPILATION_CONDITIONS = DEBUG;
				SWIFT_OPTIMIZATION_LEVEL = "-Onone";
			};
			name = Debug;
		};
		DF64AF2D1E369C3600C36EF7 /* Release */ = {
			isa = XCBuildConfiguration;
			buildSettings = {
				ALWAYS_SEARCH_USER_PATHS = NO;
				CLANG_ANALYZER_NONNULL = YES;
				CLANG_CXX_LANGUAGE_STANDARD = "gnu++0x";
				CLANG_CXX_LIBRARY = "libc++";
				CLANG_ENABLE_MODULES = YES;
				CLANG_ENABLE_OBJC_ARC = YES;
				CLANG_WARN_BOOL_CONVERSION = YES;
				CLANG_WARN_CONSTANT_CONVERSION = YES;
				CLANG_WARN_DIRECT_OBJC_ISA_USAGE = YES_ERROR;
				CLANG_WARN_DOCUMENTATION_COMMENTS = YES;
				CLANG_WARN_EMPTY_BODY = YES;
				CLANG_WARN_ENUM_CONVERSION = YES;
				CLANG_WARN_INFINITE_RECURSION = YES;
				CLANG_WARN_INT_CONVERSION = YES;
				CLANG_WARN_OBJC_ROOT_CLASS = YES_ERROR;
				CLANG_WARN_SUSPICIOUS_MOVE = YES;
				CLANG_WARN_UNREACHABLE_CODE = YES;
				CLANG_WARN__DUPLICATE_METHOD_MATCH = YES;
				"CODE_SIGN_IDENTITY[sdk=iphoneos*]" = "iPhone Developer";
				COPY_PHASE_STRIP = NO;
				DEBUG_INFORMATION_FORMAT = "dwarf-with-dsym";
				ENABLE_NS_ASSERTIONS = NO;
				ENABLE_STRICT_OBJC_MSGSEND = YES;
				GCC_C_LANGUAGE_STANDARD = gnu99;
				GCC_NO_COMMON_BLOCKS = YES;
				GCC_WARN_64_TO_32_BIT_CONVERSION = YES;
				GCC_WARN_ABOUT_RETURN_TYPE = YES_ERROR;
				GCC_WARN_UNDECLARED_SELECTOR = YES;
				GCC_WARN_UNINITIALIZED_AUTOS = YES_AGGRESSIVE;
				GCC_WARN_UNUSED_FUNCTION = YES;
				GCC_WARN_UNUSED_VARIABLE = YES;
				IPHONEOS_DEPLOYMENT_TARGET = 10.2;
				MTL_ENABLE_DEBUG_INFO = NO;
				SDKROOT = iphoneos;
				SWIFT_OPTIMIZATION_LEVEL = "-Owholemodule";
				VALIDATE_PRODUCT = YES;
			};
			name = Release;
		};
		DF64AF2F1E369C3600C36EF7 /* Debug */ = {
			isa = XCBuildConfiguration;
			buildSettings = {
				ASSETCATALOG_COMPILER_APPICON_NAME = AppIcon;
				DEVELOPMENT_TEAM = 6M796983Q9;
				INFOPLIST_FILE = "I Am Poor/Info.plist";
				LD_RUNPATH_SEARCH_PATHS = "$(inherited) @executable_path/Frameworks";
				PRODUCT_BUNDLE_IDENTIFIER = "com.xiapplications.I-Am-Poor";
				PRODUCT_NAME = "$(TARGET_NAME)";
				SWIFT_VERSION = 3.0;
			};
			name = Debug;
		};
		DF64AF301E369C3600C36EF7 /* Release */ = {
			isa = XCBuildConfiguration;
			buildSettings = {
				ASSETCATALOG_COMPILER_APPICON_NAME = AppIcon;
				DEVELOPMENT_TEAM = 6M796983Q9;
				INFOPLIST_FILE = "I Am Poor/Info.plist";
				LD_RUNPATH_SEARCH_PATHS = "$(inherited) @executable_path/Frameworks";
				PRODUCT_BUNDLE_IDENTIFIER = "com.xiapplications.I-Am-Poor";
				PRODUCT_NAME = "$(TARGET_NAME)";
				SWIFT_VERSION = 3.0;
			};
			name = Release;
		};
/* End XCBuildConfiguration section */

/* Begin XCConfigurationList section */
		DF64AF171E369C3600C36EF7 /* Build configuration list for PBXProject "I Am Poor" */ = {
			isa = XCConfigurationList;
			buildConfigurations = (
				DF64AF2C1E369C3600C36EF7 /* Debug */,
				DF64AF2D1E369C3600C36EF7 /* Release */,
			);
			defaultConfigurationIsVisible = 0;
			defaultConfigurationName = Release;
		};
		DF64AF2E1E369C3600C36EF7 /* Build configuration list for PBXNativeTarget "I Am Poor" */ = {
			isa = XCConfigurationList;
			buildConfigurations = (
				DF64AF2F1E369C3600C36EF7 /* Debug */,
				DF64AF301E369C3600C36EF7 /* Release */,
			);
			defaultConfigurationIsVisible = 0;
		};
/* End XCConfigurationList section */
	};
	rootObject = DF64AF141E369C3600C36EF7 /* Project object */;
}
